
Microsoft Visual Studio Solution File, Format Version 12.00
# Visual Studio 15
VisualStudioVersion = 15.0.28010.2036
MinimumVisualStudioVersion = 10.0.40219.1
Project("{F184B08F-C81C-45F6-A57F-5ABD9991F28F}") = "Szunyi.Sequences", "Szunyi.Sequences\Szunyi.Sequences.vbproj", "{B4503B4B-25D2-4580-84B8-FEBD08B9AF11}"
EndProject
Global
	GlobalSection(SolutionConfigurationPlatforms) = preSolution
		Debug|Any CPU = Debug|Any CPU
		Release|Any CPU = Release|Any CPU
	EndGlobalSection
	GlobalSection(ProjectConfigurationPlatforms) = postSolution
		{B4503B4B-25D2-4580-84B8-FEBD08B9AF11}.Debug|Any CPU.ActiveCfg = Debug|Any CPU
		{B4503B4B-25D2-4580-84B8-FEBD08B9AF11}.Debug|Any CPU.Build.0 = Debug|Any CPU
		{B4503B4B-25D2-4580-84B8-FEBD08B9AF11}.Release|Any CPU.ActiveCfg = Release|Any CPU
		{B4503B4B-25D2-4580-84B8-FEBD08B9AF11}.Release|Any CPU.Build.0 = Release|Any CPU
	EndGlobalSection
	GlobalSection(SolutionProperties) = preSolution
		HideSolutionNode = FALSE
	EndGlobalSection
	GlobalSection(ExtensibilityGlobals) = postSolution
		SolutionGuid = {02FAF602-1BE8-4695-B4C3-4CF40B69C3E4}
	EndGlobalSection
EndGlobal
